
Microsoft Visual Studio Solution File, Format Version 12.00
# Visual Studio Version 16
VisualStudioVersion = 25.0.1705.3
MinimumVisualStudioVersion = 10.0.40219.1
Project("{FAE04EC0-301F-11D3-BF4B-00C04F79EFBC}") = "backend-WebAPI", "backend-WebAPI.csproj", "{CCEE2BD2-C4F0-4154-A866-3BDF1A7D2D46}"
EndProject
Global
	GlobalSection(SolutionConfigurationPlatforms) = preSolution
		Debug|Any CPU = Debug|Any CPU
		Release|Any CPU = Release|Any CPU
	EndGlobalSection
	GlobalSection(ProjectConfigurationPlatforms) = postSolution
		{CCEE2BD2-C4F0-4154-A866-3BDF1A7D2D46}.Debug|Any CPU.ActiveCfg = Debug|Any CPU
		{CCEE2BD2-C4F0-4154-A866-3BDF1A7D2D46}.Debug|Any CPU.Build.0 = Debug|Any CPU
		{CCEE2BD2-C4F0-4154-A866-3BDF1A7D2D46}.Release|Any CPU.ActiveCfg = Release|Any CPU
		{CCEE2BD2-C4F0-4154-A866-3BDF1A7D2D46}.Release|Any CPU.Build.0 = Release|Any CPU
	EndGlobalSection
	GlobalSection(SolutionProperties) = preSolution
		HideSolutionNode = FALSE
	EndGlobalSection
	GlobalSection(ExtensibilityGlobals) = postSolution
		SolutionGuid = {C0DA68CE-CA55-4616-8143-823019BEA5D2}
	EndGlobalSection
EndGlobal
